
Microsoft Visual Studio Solution File, Format Version 12.00
# Visual Studio Version 17
VisualStudioVersion = 17.13.35825.156 d17.13
MinimumVisualStudioVersion = 10.0.40219.1
Project("{F184B08F-C81C-45F6-A57F-5ABD9991F28F}") = "SkypeMsgs", "SkypeMsgs\SkypeMsgs.vbproj", "{D4EDF93B-2AC6-4C59-B536-6D495BDEE8C2}"
EndProject
Global
	GlobalSection(SolutionConfigurationPlatforms) = preSolution
		Debug|Any CPU = Debug|Any CPU
		Release|Any CPU = Release|Any CPU
	EndGlobalSection
	GlobalSection(ProjectConfigurationPlatforms) = postSolution
		{D4EDF93B-2AC6-4C59-B536-6D495BDEE8C2}.Debug|Any CPU.ActiveCfg = Debug|Any CPU
		{D4EDF93B-2AC6-4C59-B536-6D495BDEE8C2}.Debug|Any CPU.Build.0 = Debug|Any CPU
		{D4EDF93B-2AC6-4C59-B536-6D495BDEE8C2}.Release|Any CPU.ActiveCfg = Release|Any CPU
		{D4EDF93B-2AC6-4C59-B536-6D495BDEE8C2}.Release|Any CPU.Build.0 = Release|Any CPU
	EndGlobalSection
	GlobalSection(SolutionProperties) = preSolution
		HideSolutionNode = FALSE
	EndGlobalSection
	GlobalSection(ExtensibilityGlobals) = postSolution
		SolutionGuid = {E4FBAB57-99A2-47AF-9D69-D9C92FAA77EA}
	EndGlobalSection
EndGlobal
